
Microsoft Visual Studio Solution File, Format Version 12.00
# Visual Studio Version 16
VisualStudioVersion = 16.0.29503.13
MinimumVisualStudioVersion = 10.0.40219.1
Project("{9A19103F-16F7-4668-BE54-9A1E7A4F7556}") = "ApiTest", "ApiTest\ApiTest.csproj", "{9B087640-6D89-4064-AD77-0A5C53D6BE8A}"
EndProject
Project("{FAE04EC0-301F-11D3-BF4B-00C04F79EFBC}") = "Api.Data", "Api.Data\Api.Data.csproj", "{65BF3C13-E2E9-4787-B5BA-0B094B1B827B}"
EndProject
Project("{FAE04EC0-301F-11D3-BF4B-00C04F79EFBC}") = "Api.Business", "Api.Business\Api.Business.csproj", "{7546D8BE-EA86-4E3B-A9B7-4646A62D22D3}"
EndProject
Global
	GlobalSection(SolutionConfigurationPlatforms) = preSolution
		Debug|Any CPU = Debug|Any CPU
		Debug|x64 = Debug|x64
		Release|Any CPU = Release|Any CPU
		Release|x64 = Release|x64
	EndGlobalSection
	GlobalSection(ProjectConfigurationPlatforms) = postSolution
		{9B087640-6D89-4064-AD77-0A5C53D6BE8A}.Debug|Any CPU.ActiveCfg = Debug|x64
		{9B087640-6D89-4064-AD77-0A5C53D6BE8A}.Debug|Any CPU.Build.0 = Debug|x64
		{9B087640-6D89-4064-AD77-0A5C53D6BE8A}.Debug|x64.ActiveCfg = Debug|x64
		{9B087640-6D89-4064-AD77-0A5C53D6BE8A}.Debug|x64.Build.0 = Debug|x64
		{9B087640-6D89-4064-AD77-0A5C53D6BE8A}.Release|Any CPU.ActiveCfg = Release|Any CPU
		{9B087640-6D89-4064-AD77-0A5C53D6BE8A}.Release|Any CPU.Build.0 = Release|Any CPU
		{9B087640-6D89-4064-AD77-0A5C53D6BE8A}.Release|x64.ActiveCfg = Release|x64
		{9B087640-6D89-4064-AD77-0A5C53D6BE8A}.Release|x64.Build.0 = Release|x64
		{65BF3C13-E2E9-4787-B5BA-0B094B1B827B}.Debug|Any CPU.ActiveCfg = Debug|Any CPU
		{65BF3C13-E2E9-4787-B5BA-0B094B1B827B}.Debug|Any CPU.Build.0 = Debug|Any CPU
		{65BF3C13-E2E9-4787-B5BA-0B094B1B827B}.Debug|x64.ActiveCfg = Debug|Any CPU
		{65BF3C13-E2E9-4787-B5BA-0B094B1B827B}.Debug|x64.Build.0 = Debug|Any CPU
		{65BF3C13-E2E9-4787-B5BA-0B094B1B827B}.Release|Any CPU.ActiveCfg = Release|Any CPU
		{65BF3C13-E2E9-4787-B5BA-0B094B1B827B}.Release|Any CPU.Build.0 = Release|Any CPU
		{65BF3C13-E2E9-4787-B5BA-0B094B1B827B}.Release|x64.ActiveCfg = Release|Any CPU
		{65BF3C13-E2E9-4787-B5BA-0B094B1B827B}.Release|x64.Build.0 = Release|Any CPU
		{7546D8BE-EA86-4E3B-A9B7-4646A62D22D3}.Debug|Any CPU.ActiveCfg = Debug|Any CPU
		{7546D8BE-EA86-4E3B-A9B7-4646A62D22D3}.Debug|Any CPU.Build.0 = Debug|Any CPU
		{7546D8BE-EA86-4E3B-A9B7-4646A62D22D3}.Debug|x64.ActiveCfg = Debug|Any CPU
		{7546D8BE-EA86-4E3B-A9B7-4646A62D22D3}.Debug|x64.Build.0 = Debug|Any CPU
		{7546D8BE-EA86-4E3B-A9B7-4646A62D22D3}.Release|Any CPU.ActiveCfg = Release|Any CPU
		{7546D8BE-EA86-4E3B-A9B7-4646A62D22D3}.Release|Any CPU.Build.0 = Release|Any CPU
		{7546D8BE-EA86-4E3B-A9B7-4646A62D22D3}.Release|x64.ActiveCfg = Release|Any CPU
		{7546D8BE-EA86-4E3B-A9B7-4646A62D22D3}.Release|x64.Build.0 = Release|Any CPU
	EndGlobalSection
	GlobalSection(SolutionProperties) = preSolution
		HideSolutionNode = FALSE
	EndGlobalSection
	GlobalSection(ExtensibilityGlobals) = postSolution
		SolutionGuid = {5FFEF1A7-5982-4125-A25E-0DEAFE532D66}
	EndGlobalSection
EndGlobal
